
Microsoft Visual Studio Solution File, Format Version 12.00
# Visual Studio Version 17
VisualStudioVersion = 17.1.32210.238
MinimumVisualStudioVersion = 10.0.40219.1
Project("{FAE04EC0-301F-11D3-BF4B-00C04F79EFBC}") = "Task-a", "Task-a\Task-a.csproj", "{A9E8F67F-2D40-4CD9-A14C-EDDDE6347044}"
EndProject
Global
	GlobalSection(SolutionConfigurationPlatforms) = preSolution
		Debug|Any CPU = Debug|Any CPU
		Release|Any CPU = Release|Any CPU
	EndGlobalSection
	GlobalSection(ProjectConfigurationPlatforms) = postSolution
		{A9E8F67F-2D40-4CD9-A14C-EDDDE6347044}.Debug|Any CPU.ActiveCfg = Debug|Any CPU
		{A9E8F67F-2D40-4CD9-A14C-EDDDE6347044}.Debug|Any CPU.Build.0 = Debug|Any CPU
		{A9E8F67F-2D40-4CD9-A14C-EDDDE6347044}.Release|Any CPU.ActiveCfg = Release|Any CPU
		{A9E8F67F-2D40-4CD9-A14C-EDDDE6347044}.Release|Any CPU.Build.0 = Release|Any CPU
	EndGlobalSection
	GlobalSection(SolutionProperties) = preSolution
		HideSolutionNode = FALSE
	EndGlobalSection
	GlobalSection(ExtensibilityGlobals) = postSolution
		SolutionGuid = {61B6817C-A068-4681-8DA3-74B18A8E9D76}
	EndGlobalSection
EndGlobal
